
Microsoft Visual Studio Solution File, Format Version 12.00
# Visual Studio Version 17
VisualStudioVersion = 17.14.36221.1
MinimumVisualStudioVersion = 10.0.40219.1
Project("{2150E333-8FDC-42A3-9474-1A3956D46DE8}") = "src", "src", "{02EA681E-C7D8-13C7-8484-4AC65E1B71E8}"
EndProject
Project("{2150E333-8FDC-42A3-9474-1A3956D46DE8}") = "tests", "tests", "{4B86E70D-EAB6-402F-8DA7-7F45E6DE39A7}"
EndProject
Project("{2150E333-8FDC-42A3-9474-1A3956D46DE8}") = "backend", "backend", "{13BFD7F1-F1FD-4C45-8438-CEFA66A60585}"
EndProject
Project("{2150E333-8FDC-42A3-9474-1A3956D46DE8}") = "shared", "shared", "{1B8F2BF8-6A47-4E0B-B3B2-4539CA5DBEE2}"
EndProject
Project("{FAE04EC0-301F-11D3-BF4B-00C04F79EFBC}") = "MobileFinance.API", "src\backend\MobileFinance.API\MobileFinance.API.csproj", "{ACE0B327-196F-4C2D-AEA8-BA66AF76F376}"
EndProject
Project("{FAE04EC0-301F-11D3-BF4B-00C04F79EFBC}") = "MobileFinance.Domain", "src\backend\MobileFinance.Domain\MobileFinance.Domain.csproj", "{77192BEE-4E39-471C-A3FB-C6BF7CEC01B3}"
EndProject
Project("{FAE04EC0-301F-11D3-BF4B-00C04F79EFBC}") = "MobileFinance.Application", "src\backend\MobileFinance.Application\MobileFinance.Application.csproj", "{2888BF7E-AACB-4218-8F42-8FF7DB927BCC}"
EndProject
Project("{FAE04EC0-301F-11D3-BF4B-00C04F79EFBC}") = "MobileFinance.Infra", "src\backend\MobileFinance.Infra\MobileFinance.Infra.csproj", "{74D2266D-BBBC-4B3E-BB13-4741308CC54C}"
EndProject
Project("{FAE04EC0-301F-11D3-BF4B-00C04F79EFBC}") = "MobileFinance.Exceptions", "src\shared\MobileFinance.Exceptions\MobileFinance.Exceptions.csproj", "{0E2D6228-5E0E-4532-BA23-91ED3991F71F}"
EndProject
Project("{FAE04EC0-301F-11D3-BF4B-00C04F79EFBC}") = "MobileFinance.Communication", "src\shared\MobileFinance.Communication\MobileFinance.Communication.csproj", "{2390228C-4356-4C22-BB47-5178BCD34F84}"
EndProject
Global
	GlobalSection(SolutionConfigurationPlatforms) = preSolution
		Debug|Any CPU = Debug|Any CPU
		Release|Any CPU = Release|Any CPU
	EndGlobalSection
	GlobalSection(ProjectConfigurationPlatforms) = postSolution
		{ACE0B327-196F-4C2D-AEA8-BA66AF76F376}.Debug|Any CPU.ActiveCfg = Debug|Any CPU
		{ACE0B327-196F-4C2D-AEA8-BA66AF76F376}.Debug|Any CPU.Build.0 = Debug|Any CPU
		{ACE0B327-196F-4C2D-AEA8-BA66AF76F376}.Release|Any CPU.ActiveCfg = Release|Any CPU
		{ACE0B327-196F-4C2D-AEA8-BA66AF76F376}.Release|Any CPU.Build.0 = Release|Any CPU
		{77192BEE-4E39-471C-A3FB-C6BF7CEC01B3}.Debug|Any CPU.ActiveCfg = Debug|Any CPU
		{77192BEE-4E39-471C-A3FB-C6BF7CEC01B3}.Debug|Any CPU.Build.0 = Debug|Any CPU
		{77192BEE-4E39-471C-A3FB-C6BF7CEC01B3}.Release|Any CPU.ActiveCfg = Release|Any CPU
		{77192BEE-4E39-471C-A3FB-C6BF7CEC01B3}.Release|Any CPU.Build.0 = Release|Any CPU
		{2888BF7E-AACB-4218-8F42-8FF7DB927BCC}.Debug|Any CPU.ActiveCfg = Debug|Any CPU
		{2888BF7E-AACB-4218-8F42-8FF7DB927BCC}.Debug|Any CPU.Build.0 = Debug|Any CPU
		{2888BF7E-AACB-4218-8F42-8FF7DB927BCC}.Release|Any CPU.ActiveCfg = Release|Any CPU
		{2888BF7E-AACB-4218-8F42-8FF7DB927BCC}.Release|Any CPU.Build.0 = Release|Any CPU
		{74D2266D-BBBC-4B3E-BB13-4741308CC54C}.Debug|Any CPU.ActiveCfg = Debug|Any CPU
		{74D2266D-BBBC-4B3E-BB13-4741308CC54C}.Debug|Any CPU.Build.0 = Debug|Any CPU
		{74D2266D-BBBC-4B3E-BB13-4741308CC54C}.Release|Any CPU.ActiveCfg = Release|Any CPU
		{74D2266D-BBBC-4B3E-BB13-4741308CC54C}.Release|Any CPU.Build.0 = Release|Any CPU
		{0E2D6228-5E0E-4532-BA23-91ED3991F71F}.Debug|Any CPU.ActiveCfg = Debug|Any CPU
		{0E2D6228-5E0E-4532-BA23-91ED3991F71F}.Debug|Any CPU.Build.0 = Debug|Any CPU
		{0E2D6228-5E0E-4532-BA23-91ED3991F71F}.Release|Any CPU.ActiveCfg = Release|Any CPU
		{0E2D6228-5E0E-4532-BA23-91ED3991F71F}.Release|Any CPU.Build.0 = Release|Any CPU
		{2390228C-4356-4C22-BB47-5178BCD34F84}.Debug|Any CPU.ActiveCfg = Debug|Any CPU
		{2390228C-4356-4C22-BB47-5178BCD34F84}.Debug|Any CPU.Build.0 = Debug|Any CPU
		{2390228C-4356-4C22-BB47-5178BCD34F84}.Release|Any CPU.ActiveCfg = Release|Any CPU
		{2390228C-4356-4C22-BB47-5178BCD34F84}.Release|Any CPU.Build.0 = Release|Any CPU
	EndGlobalSection
	GlobalSection(SolutionProperties) = preSolution
		HideSolutionNode = FALSE
	EndGlobalSection
	GlobalSection(NestedProjects) = preSolution
		{13BFD7F1-F1FD-4C45-8438-CEFA66A60585} = {02EA681E-C7D8-13C7-8484-4AC65E1B71E8}
		{1B8F2BF8-6A47-4E0B-B3B2-4539CA5DBEE2} = {02EA681E-C7D8-13C7-8484-4AC65E1B71E8}
		{ACE0B327-196F-4C2D-AEA8-BA66AF76F376} = {13BFD7F1-F1FD-4C45-8438-CEFA66A60585}
		{77192BEE-4E39-471C-A3FB-C6BF7CEC01B3} = {13BFD7F1-F1FD-4C45-8438-CEFA66A60585}
		{2888BF7E-AACB-4218-8F42-8FF7DB927BCC} = {13BFD7F1-F1FD-4C45-8438-CEFA66A60585}
		{74D2266D-BBBC-4B3E-BB13-4741308CC54C} = {13BFD7F1-F1FD-4C45-8438-CEFA66A60585}
		{0E2D6228-5E0E-4532-BA23-91ED3991F71F} = {1B8F2BF8-6A47-4E0B-B3B2-4539CA5DBEE2}
		{2390228C-4356-4C22-BB47-5178BCD34F84} = {1B8F2BF8-6A47-4E0B-B3B2-4539CA5DBEE2}
	EndGlobalSection
	GlobalSection(ExtensibilityGlobals) = postSolution
		SolutionGuid = {CD62ECAC-B45E-485F-B68E-22A910D8E84E}
	EndGlobalSection
EndGlobal
